
Microsoft Visual Studio Solution File, Format Version 12.00
# Visual Studio Version 16
VisualStudioVersion = 16.0.32228.343
MinimumVisualStudioVersion = 10.0.40219.1
Project("{FAE04EC0-301F-11D3-BF4B-00C04F79EFBC}") = "claswooooorkkk", "claswooooorkkk\claswooooorkkk.csproj", "{79E65D99-21E2-40B5-B5F2-28C3ED9A7B0E}"
EndProject
Global
	GlobalSection(SolutionConfigurationPlatforms) = preSolution
		Debug|Any CPU = Debug|Any CPU
		Release|Any CPU = Release|Any CPU
	EndGlobalSection
	GlobalSection(ProjectConfigurationPlatforms) = postSolution
		{79E65D99-21E2-40B5-B5F2-28C3ED9A7B0E}.Debug|Any CPU.ActiveCfg = Debug|Any CPU
		{79E65D99-21E2-40B5-B5F2-28C3ED9A7B0E}.Debug|Any CPU.Build.0 = Debug|Any CPU
		{79E65D99-21E2-40B5-B5F2-28C3ED9A7B0E}.Release|Any CPU.ActiveCfg = Release|Any CPU
		{79E65D99-21E2-40B5-B5F2-28C3ED9A7B0E}.Release|Any CPU.Build.0 = Release|Any CPU
	EndGlobalSection
	GlobalSection(SolutionProperties) = preSolution
		HideSolutionNode = FALSE
	EndGlobalSection
	GlobalSection(ExtensibilityGlobals) = postSolution
		SolutionGuid = {67647404-F0DF-440A-A9BF-4D87C711DCDB}
	EndGlobalSection
EndGlobal
